
Microsoft Visual Studio Solution File, Format Version 12.00
# Visual Studio Version 16
VisualStudioVersion = 16.0.30804.86
MinimumVisualStudioVersion = 10.0.40219.1
Project("{9A19103F-16F7-4668-BE54-9A1E7A4F7556}") = "trifenix.connect.mdm", "trifenix.connect.mdm.csproj", "{8140937B-A911-4F63-9B20-5A6E669D4814}"
EndProject
Global
	GlobalSection(SolutionConfigurationPlatforms) = preSolution
		Debug|Any CPU = Debug|Any CPU
		Release|Any CPU = Release|Any CPU
	EndGlobalSection
	GlobalSection(ProjectConfigurationPlatforms) = postSolution
		{8140937B-A911-4F63-9B20-5A6E669D4814}.Debug|Any CPU.ActiveCfg = Debug|Any CPU
		{8140937B-A911-4F63-9B20-5A6E669D4814}.Debug|Any CPU.Build.0 = Debug|Any CPU
		{8140937B-A911-4F63-9B20-5A6E669D4814}.Release|Any CPU.ActiveCfg = Release|Any CPU
		{8140937B-A911-4F63-9B20-5A6E669D4814}.Release|Any CPU.Build.0 = Release|Any CPU
	EndGlobalSection
	GlobalSection(SolutionProperties) = preSolution
		HideSolutionNode = FALSE
	EndGlobalSection
	GlobalSection(ExtensibilityGlobals) = postSolution
		SolutionGuid = {F0A41335-6CCB-4D3E-8748-E91E088642CF}
	EndGlobalSection
EndGlobal
